
Microsoft Visual Studio Solution File, Format Version 12.00
# Visual Studio Version 16
VisualStudioVersion = 16.0.29613.14
MinimumVisualStudioVersion = 10.0.40219.1
Project("{FAE04EC0-301F-11D3-BF4B-00C04F79EFBC}") = "PhysicsLab", "PhysicsLab.csproj", "{654CDD72-EC1C-4E82-8961-E42AC53064E4}"
EndProject
Project("{888888A0-9F3D-457C-B088-3A5042F75D52}") = "PhysicsFormula", "..\PhysicsFormula\PhysicsFormula.pyproj", "{A33ECB83-725B-43F3-B3BF-7000E79B0B82}"
EndProject
Project("{FAE04EC0-301F-11D3-BF4B-00C04F79EFBC}") = "PhysicsLabSolution", "..\PhysicsLabSolution\PhysicsLabSolution.csproj", "{6ECFDD06-FD93-47C3-9977-C02C92778D7B}"
EndProject
Global
	GlobalSection(SolutionConfigurationPlatforms) = preSolution
		Debug|Any CPU = Debug|Any CPU
		Release|Any CPU = Release|Any CPU
	EndGlobalSection
	GlobalSection(ProjectConfigurationPlatforms) = postSolution
		{654CDD72-EC1C-4E82-8961-E42AC53064E4}.Debug|Any CPU.ActiveCfg = Debug|Any CPU
		{654CDD72-EC1C-4E82-8961-E42AC53064E4}.Debug|Any CPU.Build.0 = Debug|Any CPU
		{654CDD72-EC1C-4E82-8961-E42AC53064E4}.Release|Any CPU.ActiveCfg = Release|Any CPU
		{654CDD72-EC1C-4E82-8961-E42AC53064E4}.Release|Any CPU.Build.0 = Release|Any CPU
		{A33ECB83-725B-43F3-B3BF-7000E79B0B82}.Debug|Any CPU.ActiveCfg = Debug|Any CPU
		{A33ECB83-725B-43F3-B3BF-7000E79B0B82}.Release|Any CPU.ActiveCfg = Release|Any CPU
		{6ECFDD06-FD93-47C3-9977-C02C92778D7B}.Debug|Any CPU.ActiveCfg = Debug|Any CPU
		{6ECFDD06-FD93-47C3-9977-C02C92778D7B}.Debug|Any CPU.Build.0 = Debug|Any CPU
		{6ECFDD06-FD93-47C3-9977-C02C92778D7B}.Release|Any CPU.ActiveCfg = Release|Any CPU
		{6ECFDD06-FD93-47C3-9977-C02C92778D7B}.Release|Any CPU.Build.0 = Release|Any CPU
	EndGlobalSection
	GlobalSection(SolutionProperties) = preSolution
		HideSolutionNode = FALSE
	EndGlobalSection
	GlobalSection(ExtensibilityGlobals) = postSolution
		SolutionGuid = {DF141B9E-A0E4-4C18-99A8-874DA116BBEC}
	EndGlobalSection
EndGlobal
